
Microsoft Visual Studio Solution File, Format Version 12.00
# Visual Studio 15
VisualStudioVersion = 15.0.26124.0
MinimumVisualStudioVersion = 15.0.26124.0
Project("{FAE04EC0-301F-11D3-BF4B-00C04F79EFBC}") = "XUnitConverter", "XUnitConverter\XUnitConverter.csproj", "{5F5441B9-7458-400A-B272-BB5D93A01A47}"
EndProject
Project("{FAE04EC0-301F-11D3-BF4B-00C04F79EFBC}") = "XUnitConverter.Tests", "XUnitConverter.Tests\XUnitConverter.Tests.csproj", "{0D3C4498-2D19-4B09-87B0-A9F8E51B5873}"
EndProject
Project("{FAE04EC0-301F-11D3-BF4B-00C04F79EFBC}") = "XUnitConverter.Regex", "XUnitConverter.Regex\XUnitConverter.Regex.csproj", "{324FC20C-A7D0-4748-A34C-20FE54A6E18B}"
EndProject
Global
	GlobalSection(SolutionConfigurationPlatforms) = preSolution
		Debug|Any CPU = Debug|Any CPU
		Debug|x64 = Debug|x64
		Debug|x86 = Debug|x86
		Release|Any CPU = Release|Any CPU
		Release|x64 = Release|x64
		Release|x86 = Release|x86
	EndGlobalSection
	GlobalSection(SolutionProperties) = preSolution
		HideSolutionNode = FALSE
	EndGlobalSection
	GlobalSection(ProjectConfigurationPlatforms) = postSolution
		{5F5441B9-7458-400A-B272-BB5D93A01A47}.Debug|Any CPU.ActiveCfg = Debug|Any CPU
		{5F5441B9-7458-400A-B272-BB5D93A01A47}.Debug|Any CPU.Build.0 = Debug|Any CPU
		{5F5441B9-7458-400A-B272-BB5D93A01A47}.Debug|x64.ActiveCfg = Debug|Any CPU
		{5F5441B9-7458-400A-B272-BB5D93A01A47}.Debug|x64.Build.0 = Debug|Any CPU
		{5F5441B9-7458-400A-B272-BB5D93A01A47}.Debug|x86.ActiveCfg = Debug|Any CPU
		{5F5441B9-7458-400A-B272-BB5D93A01A47}.Debug|x86.Build.0 = Debug|Any CPU
		{5F5441B9-7458-400A-B272-BB5D93A01A47}.Release|Any CPU.ActiveCfg = Release|Any CPU
		{5F5441B9-7458-400A-B272-BB5D93A01A47}.Release|Any CPU.Build.0 = Release|Any CPU
		{5F5441B9-7458-400A-B272-BB5D93A01A47}.Release|x64.ActiveCfg = Release|Any CPU
		{5F5441B9-7458-400A-B272-BB5D93A01A47}.Release|x64.Build.0 = Release|Any CPU
		{5F5441B9-7458-400A-B272-BB5D93A01A47}.Release|x86.ActiveCfg = Release|Any CPU
		{5F5441B9-7458-400A-B272-BB5D93A01A47}.Release|x86.Build.0 = Release|Any CPU
		{0D3C4498-2D19-4B09-87B0-A9F8E51B5873}.Debug|Any CPU.ActiveCfg = Debug|Any CPU
		{0D3C4498-2D19-4B09-87B0-A9F8E51B5873}.Debug|Any CPU.Build.0 = Debug|Any CPU
		{0D3C4498-2D19-4B09-87B0-A9F8E51B5873}.Debug|x64.ActiveCfg = Debug|Any CPU
		{0D3C4498-2D19-4B09-87B0-A9F8E51B5873}.Debug|x64.Build.0 = Debug|Any CPU
		{0D3C4498-2D19-4B09-87B0-A9F8E51B5873}.Debug|x86.ActiveCfg = Debug|Any CPU
		{0D3C4498-2D19-4B09-87B0-A9F8E51B5873}.Debug|x86.Build.0 = Debug|Any CPU
		{0D3C4498-2D19-4B09-87B0-A9F8E51B5873}.Release|Any CPU.ActiveCfg = Release|Any CPU
		{0D3C4498-2D19-4B09-87B0-A9F8E51B5873}.Release|Any CPU.Build.0 = Release|Any CPU
		{0D3C4498-2D19-4B09-87B0-A9F8E51B5873}.Release|x64.ActiveCfg = Release|Any CPU
		{0D3C4498-2D19-4B09-87B0-A9F8E51B5873}.Release|x64.Build.0 = Release|Any CPU
		{0D3C4498-2D19-4B09-87B0-A9F8E51B5873}.Release|x86.ActiveCfg = Release|Any CPU
		{0D3C4498-2D19-4B09-87B0-A9F8E51B5873}.Release|x86.Build.0 = Release|Any CPU
		{324FC20C-A7D0-4748-A34C-20FE54A6E18B}.Debug|Any CPU.ActiveCfg = Debug|Any CPU
		{324FC20C-A7D0-4748-A34C-20FE54A6E18B}.Debug|Any CPU.Build.0 = Debug|Any CPU
		{324FC20C-A7D0-4748-A34C-20FE54A6E18B}.Debug|x64.ActiveCfg = Debug|Any CPU
		{324FC20C-A7D0-4748-A34C-20FE54A6E18B}.Debug|x64.Build.0 = Debug|Any CPU
		{324FC20C-A7D0-4748-A34C-20FE54A6E18B}.Debug|x86.ActiveCfg = Debug|Any CPU
		{324FC20C-A7D0-4748-A34C-20FE54A6E18B}.Debug|x86.Build.0 = Debug|Any CPU
		{324FC20C-A7D0-4748-A34C-20FE54A6E18B}.Release|Any CPU.ActiveCfg = Release|Any CPU
		{324FC20C-A7D0-4748-A34C-20FE54A6E18B}.Release|Any CPU.Build.0 = Release|Any CPU
		{324FC20C-A7D0-4748-A34C-20FE54A6E18B}.Release|x64.ActiveCfg = Release|Any CPU
		{324FC20C-A7D0-4748-A34C-20FE54A6E18B}.Release|x64.Build.0 = Release|Any CPU
		{324FC20C-A7D0-4748-A34C-20FE54A6E18B}.Release|x86.ActiveCfg = Release|Any CPU
		{324FC20C-A7D0-4748-A34C-20FE54A6E18B}.Release|x86.Build.0 = Release|Any CPU
	EndGlobalSection
EndGlobal
